
Microsoft Visual Studio Solution File, Format Version 12.00
# Visual Studio 2013
VisualStudioVersion = 12.0.30501.0
MinimumVisualStudioVersion = 10.0.40219.1
Project("{2150E333-8FDC-42A3-9474-1A3956D46DE8}") = "Framework", "Framework", "{096131BA-6029-4082-8E9D-3D3C12C351C3}"
EndProject
Project("{FAE04EC0-301F-11D3-BF4B-00C04F79EFBC}") = "Framework", "Framework\Framework.csproj", "{82D29879-9AB7-441B-84F7-BC462AA039B2}"
EndProject
Project("{FAE04EC0-301F-11D3-BF4B-00C04F79EFBC}") = "Shifter.Waiters.Web.Tests", "Shifter.Waiters.Web.Tests\Shifter.Waiters.Web.Tests.csproj", "{77FD95AF-B3F3-41A3-89F7-671F895B6BF0}"
EndProject
Project("{FAE04EC0-301F-11D3-BF4B-00C04F79EFBC}") = "Shifter.Waiters.Web", "Shifter.Waiters.Web\Shifter.Waiters.Web.csproj", "{D6D2FA2A-8462-4617-84F4-39C7E1205F0E}"
EndProject
Project("{FAE04EC0-301F-11D3-BF4B-00C04F79EFBC}") = "Shifter.Managers.Web", "Shifter.Managers.Web\Shifter.Managers.Web.csproj", "{3CE84E15-8BF8-44B2-8EB5-21C98756319D}"
EndProject
Project("{FAE04EC0-301F-11D3-BF4B-00C04F79EFBC}") = "Shifter.Managers.Web.Tests", "Shifter.Managers.Web.Tests\Shifter.Managers.Web.Tests.csproj", "{FF2F0302-589C-45EE-AAC8-C82E89976EFA}"
EndProject
Project("{2150E333-8FDC-42A3-9474-1A3956D46DE8}") = "Persistence", "Persistence", "{82C0FE93-8325-4468-84E8-42CCB95E6B87}"
EndProject
Project("{FAE04EC0-301F-11D3-BF4B-00C04F79EFBC}") = "Shifter.Persistence", "Shifter.Persistence\Shifter.Persistence.csproj", "{993EB947-245E-4F85-8940-4F6E2C5175F8}"
EndProject
Project("{FAE04EC0-301F-11D3-BF4B-00C04F79EFBC}") = "Shifter.Domain", "Shifter.Domain\Shifter.Domain.csproj", "{FB3A6600-D213-440F-AC82-A7F8A46A042B}"
EndProject
Project("{FAE04EC0-301F-11D3-BF4B-00C04F79EFBC}") = "Shifter.Persistence.Tests", "Shifter.Persistence.Tests\Shifter.Persistence.Tests.csproj", "{9C6EB9DE-6989-41E6-BC84-7CD114499B44}"
EndProject
Project("{2150E333-8FDC-42A3-9474-1A3956D46DE8}") = "BackOffice", "BackOffice", "{A5240866-F565-44E7-824C-9C7404EA85E7}"
EndProject
Project("{FAE04EC0-301F-11D3-BF4B-00C04F79EFBC}") = "Shifter.PublicationsService", "Shifter.PublicationsService\Shifter.PublicationsService.csproj", "{01332BCC-CDFC-43A2-BCB4-BA29246D37FF}"
EndProject
Project("{FAE04EC0-301F-11D3-BF4B-00C04F79EFBC}") = "Messenger", "Messenger\Messenger.csproj", "{16180F1B-CC7C-4CEC-A741-BC0D9569DCDE}"
EndProject
Project("{2150E333-8FDC-42A3-9474-1A3956D46DE8}") = "Services", "Services", "{74031137-ABBC-4D68-B1A3-6E3C790B0AF6}"
EndProject
Project("{FAE04EC0-301F-11D3-BF4B-00C04F79EFBC}") = "Shifter.Service.Host", "Shifter.Service.Host\Shifter.Service.Host.csproj", "{C3D25CB2-DF4A-4F86-B189-8028DC77B0B9}"
EndProject
Project("{FAE04EC0-301F-11D3-BF4B-00C04F79EFBC}") = "Shifter.Service.Api", "Shifter.Service.Api\Shifter.Service.Api.csproj", "{F5EB2D32-EFB8-4440-9943-FAECF120DFD4}"
EndProject
Project("{FAE04EC0-301F-11D3-BF4B-00C04F79EFBC}") = "Shifter.Service", "Shifter.Service\Shifter.Service.csproj", "{6F75F702-C360-4EF8-8743-48FAF6EC818E}"
EndProject
Project("{FAE04EC0-301F-11D3-BF4B-00C04F79EFBC}") = "Shifter.Service.Tests", "Shifter.Service.Tests\Shifter.Service.Tests.csproj", "{D1098168-8455-4C0A-BD90-A17CF960C03E}"
EndProject
Project("{2150E333-8FDC-42A3-9474-1A3956D46DE8}") = "Domain", "Domain", "{E9C489EE-80CB-4242-AE51-BAFB32B9DCB0}"
EndProject
Project("{FAE04EC0-301F-11D3-BF4B-00C04F79EFBC}") = "DbConnectionTester", "DbConnectionTester\DbConnectionTester.csproj", "{6B6275F6-BF5F-4B0B-B911-EAB432E53EC7}"
EndProject
Project("{6141683F-8A12-4E36-9623-2EB02B2C2303}") = "Shifter.PublicationsService.Setup", "Shifter.PublicationsService.Setup\Shifter.PublicationsService.Setup.isproj", "{96050367-0625-4146-ACCD-0E8FCDCFEF99}"
	ProjectSection(ProjectDependencies) = postProject
		{01332BCC-CDFC-43A2-BCB4-BA29246D37FF} = {01332BCC-CDFC-43A2-BCB4-BA29246D37FF}
	EndProjectSection
EndProject
Project("{FAE04EC0-301F-11D3-BF4B-00C04F79EFBC}") = "Shifter.ScheduleGenerator", "Shifter.ScheduleGenerator\Shifter.ScheduleGenerator.csproj", "{9CC1A9DE-4623-4AA6-B4CD-7F5EAEEB7611}"
EndProject
Project("{6141683F-8A12-4E36-9623-2EB02B2C2303}") = "Shifter.ScheduleGenerator.Setup", "Shifter.ScheduleGenerator.Setup\Shifter.ScheduleGenerator.Setup.isproj", "{416D0301-E801-46B5-92F5-15AB1BCCC178}"
	ProjectSection(ProjectDependencies) = postProject
		{9CC1A9DE-4623-4AA6-B4CD-7F5EAEEB7611} = {9CC1A9DE-4623-4AA6-B4CD-7F5EAEEB7611}
	EndProjectSection
EndProject
Project("{FAE04EC0-301F-11D3-BF4B-00C04F79EFBC}") = "Shifter.ScheduleGenerator.Tests", "Shifter.ScheduleGenerator.Tests\Shifter.ScheduleGenerator.Tests.csproj", "{E3AF794B-5FF6-4AA0-BCD8-78F193F0C7A2}"
EndProject
Project("{2150E333-8FDC-42A3-9474-1A3956D46DE8}") = "Web", "Web", "{04F479DA-2F93-4B57-9614-C933A755B896}"
EndProject
Project("{FAE04EC0-301F-11D3-BF4B-00C04F79EFBC}") = "Shifter.GroupAdmins.Web", "Shifter.GroupAdmins.Web\Shifter.GroupAdmins.Web.csproj", "{8AD22C87-1E14-41DE-90D4-55EB4FD1BF99}"
EndProject
Project("{FAE04EC0-301F-11D3-BF4B-00C04F79EFBC}") = "Shifter.Web", "Shifter.Web\Shifter.Web.csproj", "{6C87AA70-D962-43A0-A27D-FB59A0C33739}"
EndProject
Project("{FAE04EC0-301F-11D3-BF4B-00C04F79EFBC}") = "Shifter.Web.Tests", "Shifter.Web.Tests\Shifter.Web.Tests.csproj", "{B563E538-22B5-425D-AD8C-5F7724C3B39C}"
EndProject
Project("{FAE04EC0-301F-11D3-BF4B-00C04F79EFBC}") = "Framework.Tests", "Framework.Tests\Framework.Tests.csproj", "{90BBCA4F-1BAD-4E0F-A554-2D037A0444C6}"
EndProject
Project("{FAE04EC0-301F-11D3-BF4B-00C04F79EFBC}") = "Shifter.Shared.WebClient", "Shifter.Shared.WebClient\Shifter.Shared.WebClient.csproj", "{CF826AC3-DBAE-4282-9EEA-A8ACB5520976}"
EndProject
Project("{FAE04EC0-301F-11D3-BF4B-00C04F79EFBC}") = "Shifter.Domain.Tests", "Shifter.Domain.Tests\Shifter.Domain.Tests.csproj", "{9CE488C9-66E7-40CD-A884-6BEB3FA26ABE}"
EndProject
Global
	GlobalSection(TeamFoundationVersionControl) = preSolution
		SccNumberOfProjects = 26
		SccEnterpriseProvider = {4CA58AB2-18FA-4F8D-95D4-32DDF27D184C}
		SccTeamFoundationServer = https://shifter.visualstudio.com/defaultcollection
		SccLocalPath0 = .
		SccProjectUniqueName1 = Framework\\Framework.csproj
		SccProjectTopLevelParentUniqueName1 = Shifter.sln
		SccProjectName1 = Framework
		SccLocalPath1 = Framework
		SccProjectUniqueName2 = Shifter.Waiters.Web.Tests\\Shifter.Waiters.Web.Tests.csproj
		SccProjectTopLevelParentUniqueName2 = Shifter.sln
		SccProjectName2 = Shifter.Waiters.Web.Tests
		SccLocalPath2 = Shifter.Waiters.Web.Tests
		SccProjectUniqueName3 = Shifter.Waiters.Web\\Shifter.Waiters.Web.csproj
		SccProjectTopLevelParentUniqueName3 = Shifter.sln
		SccProjectName3 = Shifter.Waiters.Web
		SccLocalPath3 = Shifter.Waiters.Web
		SccProjectUniqueName4 = Shifter.Managers.Web\\Shifter.Managers.Web.csproj
		SccProjectTopLevelParentUniqueName4 = Shifter.sln
		SccProjectName4 = Shifter.Managers.Web
		SccLocalPath4 = Shifter.Managers.Web
		SccProjectUniqueName5 = Shifter.Managers.Web.Tests\\Shifter.Managers.Web.Tests.csproj
		SccProjectTopLevelParentUniqueName5 = Shifter.sln
		SccProjectName5 = Shifter.Managers.Web.Tests
		SccLocalPath5 = Shifter.Managers.Web.Tests
		SccProjectUniqueName6 = Shifter.Persistence\\Shifter.Persistence.csproj
		SccProjectTopLevelParentUniqueName6 = Shifter.sln
		SccProjectName6 = Shifter.Persistence
		SccLocalPath6 = Shifter.Persistence
		SccProjectUniqueName7 = Shifter.Domain\\Shifter.Domain.csproj
		SccProjectTopLevelParentUniqueName7 = Shifter.sln
		SccProjectName7 = Shifter.Domain
		SccLocalPath7 = Shifter.Domain
		SccProjectUniqueName8 = Shifter.Persistence.Tests\\Shifter.Persistence.Tests.csproj
		SccProjectTopLevelParentUniqueName8 = Shifter.sln
		SccProjectName8 = Shifter.Persistence.Tests
		SccLocalPath8 = Shifter.Persistence.Tests
		SccProjectUniqueName9 = Shifter.PublicationsService\\Shifter.PublicationsService.csproj
		SccProjectTopLevelParentUniqueName9 = Shifter.sln
		SccProjectName9 = Shifter.PublicationsService
		SccLocalPath9 = Shifter.PublicationsService
		SccProjectUniqueName10 = Messenger\\Messenger.csproj
		SccProjectTopLevelParentUniqueName10 = Shifter.sln
		SccProjectName10 = Messenger
		SccLocalPath10 = Messenger
		SccProjectUniqueName11 = Shifter.Service.Host\\Shifter.Service.Host.csproj
		SccProjectTopLevelParentUniqueName11 = Shifter.sln
		SccProjectName11 = Shifter.Service.Host
		SccLocalPath11 = Shifter.Service.Host
		SccProjectUniqueName12 = Shifter.Service.Api\\Shifter.Service.Api.csproj
		SccProjectTopLevelParentUniqueName12 = Shifter.sln
		SccProjectName12 = Shifter.Service.Api
		SccLocalPath12 = Shifter.Service.Api
		SccProjectUniqueName13 = Shifter.Service\\Shifter.Service.csproj
		SccProjectTopLevelParentUniqueName13 = Shifter.sln
		SccProjectName13 = Shifter.Service
		SccLocalPath13 = Shifter.Service
		SccProjectUniqueName14 = Shifter.Service.Tests\\Shifter.Service.Tests.csproj
		SccProjectTopLevelParentUniqueName14 = Shifter.sln
		SccProjectName14 = Shifter.Service.Tests
		SccLocalPath14 = Shifter.Service.Tests
		SccProjectUniqueName15 = DbConnectionTester\\DbConnectionTester.csproj
		SccProjectTopLevelParentUniqueName15 = Shifter.sln
		SccProjectName15 = DbConnectionTester
		SccLocalPath15 = DbConnectionTester
		SccProjectUniqueName16 = Shifter.PublicationsService.Setup\\Shifter.PublicationsService.Setup.isproj
		SccProjectTopLevelParentUniqueName16 = Shifter.sln
		SccProjectName16 = Shifter.PublicationsService.Setup
		SccLocalPath16 = Shifter.PublicationsService.Setup
		SccProjectUniqueName17 = Shifter.ScheduleGenerator\\Shifter.ScheduleGenerator.csproj
		SccProjectTopLevelParentUniqueName17 = Shifter.sln
		SccProjectName17 = Shifter.ScheduleGenerator
		SccLocalPath17 = Shifter.ScheduleGenerator
		SccProjectUniqueName18 = Shifter.ScheduleGenerator.Setup\\Shifter.ScheduleGenerator.Setup.isproj
		SccProjectTopLevelParentUniqueName18 = Shifter.sln
		SccProjectName18 = Shifter.ScheduleGenerator.Setup
		SccLocalPath18 = Shifter.ScheduleGenerator.Setup
		SccProjectUniqueName19 = Shifter.ScheduleGenerator.Tests\\Shifter.ScheduleGenerator.Tests.csproj
		SccProjectTopLevelParentUniqueName19 = Shifter.sln
		SccProjectName19 = Shifter.ScheduleGenerator.Tests
		SccLocalPath19 = Shifter.ScheduleGenerator.Tests
		SccProjectUniqueName20 = Shifter.GroupAdmins.Web\\Shifter.GroupAdmins.Web.csproj
		SccProjectTopLevelParentUniqueName20 = Shifter.sln
		SccProjectName20 = Shifter.GroupAdmins.Web
		SccLocalPath20 = Shifter.GroupAdmins.Web
		SccProjectUniqueName21 = Shifter.Web\\Shifter.Web.csproj
		SccProjectTopLevelParentUniqueName21 = Shifter.sln
		SccProjectName21 = Shifter.Web
		SccLocalPath21 = Shifter.Web
		SccProjectUniqueName22 = Shifter.Web.Tests\\Shifter.Web.Tests.csproj
		SccProjectTopLevelParentUniqueName22 = Shifter.sln
		SccProjectName22 = Shifter.Web.Tests
		SccLocalPath22 = Shifter.Web.Tests
		SccProjectUniqueName23 = Framework.Tests\\Framework.Tests.csproj
		SccProjectTopLevelParentUniqueName23 = Shifter.sln
		SccProjectName23 = Framework.Tests
		SccLocalPath23 = Framework.Tests
		SccProjectUniqueName24 = Shifter.Shared.WebClient\\Shifter.Shared.WebClient.csproj
		SccProjectTopLevelParentUniqueName24 = Shifter.sln
		SccProjectName24 = Shifter.Shared.WebClient
		SccLocalPath24 = Shifter.Shared.WebClient
		SccProjectUniqueName25 = Shifter.Domain.Tests\\Shifter.Domain.Tests.csproj
		SccProjectTopLevelParentUniqueName25 = Shifter.sln
		SccProjectName25 = Shifter.Domain.Tests
		SccLocalPath25 = Shifter.Domain.Tests
	EndGlobalSection
	GlobalSection(SolutionConfigurationPlatforms) = preSolution
		CD_ROM|Any CPU = CD_ROM|Any CPU
		Debug|Any CPU = Debug|Any CPU
		DVD-5|Any CPU = DVD-5|Any CPU
		Release|Any CPU = Release|Any CPU
		SingleImage|Any CPU = SingleImage|Any CPU
	EndGlobalSection
	GlobalSection(ProjectConfigurationPlatforms) = postSolution
		{82D29879-9AB7-441B-84F7-BC462AA039B2}.CD_ROM|Any CPU.ActiveCfg = Release|Any CPU
		{82D29879-9AB7-441B-84F7-BC462AA039B2}.CD_ROM|Any CPU.Build.0 = Release|Any CPU
		{82D29879-9AB7-441B-84F7-BC462AA039B2}.Debug|Any CPU.ActiveCfg = Debug|Any CPU
		{82D29879-9AB7-441B-84F7-BC462AA039B2}.Debug|Any CPU.Build.0 = Debug|Any CPU
		{82D29879-9AB7-441B-84F7-BC462AA039B2}.DVD-5|Any CPU.ActiveCfg = Debug|Any CPU
		{82D29879-9AB7-441B-84F7-BC462AA039B2}.DVD-5|Any CPU.Build.0 = Debug|Any CPU
		{82D29879-9AB7-441B-84F7-BC462AA039B2}.Release|Any CPU.ActiveCfg = Release|Any CPU
		{82D29879-9AB7-441B-84F7-BC462AA039B2}.Release|Any CPU.Build.0 = Release|Any CPU
		{82D29879-9AB7-441B-84F7-BC462AA039B2}.SingleImage|Any CPU.ActiveCfg = Release|Any CPU
		{82D29879-9AB7-441B-84F7-BC462AA039B2}.SingleImage|Any CPU.Build.0 = Release|Any CPU
		{77FD95AF-B3F3-41A3-89F7-671F895B6BF0}.CD_ROM|Any CPU.ActiveCfg = Release|Any CPU
		{77FD95AF-B3F3-41A3-89F7-671F895B6BF0}.CD_ROM|Any CPU.Build.0 = Release|Any CPU
		{77FD95AF-B3F3-41A3-89F7-671F895B6BF0}.Debug|Any CPU.ActiveCfg = Debug|Any CPU
		{77FD95AF-B3F3-41A3-89F7-671F895B6BF0}.Debug|Any CPU.Build.0 = Debug|Any CPU
		{77FD95AF-B3F3-41A3-89F7-671F895B6BF0}.DVD-5|Any CPU.ActiveCfg = Debug|Any CPU
		{77FD95AF-B3F3-41A3-89F7-671F895B6BF0}.DVD-5|Any CPU.Build.0 = Debug|Any CPU
		{77FD95AF-B3F3-41A3-89F7-671F895B6BF0}.Release|Any CPU.ActiveCfg = Release|Any CPU
		{77FD95AF-B3F3-41A3-89F7-671F895B6BF0}.Release|Any CPU.Build.0 = Release|Any CPU
		{77FD95AF-B3F3-41A3-89F7-671F895B6BF0}.SingleImage|Any CPU.ActiveCfg = Release|Any CPU
		{77FD95AF-B3F3-41A3-89F7-671F895B6BF0}.SingleImage|Any CPU.Build.0 = Release|Any CPU
		{D6D2FA2A-8462-4617-84F4-39C7E1205F0E}.CD_ROM|Any CPU.ActiveCfg = Release|Any CPU
		{D6D2FA2A-8462-4617-84F4-39C7E1205F0E}.CD_ROM|Any CPU.Build.0 = Release|Any CPU
		{D6D2FA2A-8462-4617-84F4-39C7E1205F0E}.Debug|Any CPU.ActiveCfg = Debug|Any CPU
		{D6D2FA2A-8462-4617-84F4-39C7E1205F0E}.Debug|Any CPU.Build.0 = Debug|Any CPU
		{D6D2FA2A-8462-4617-84F4-39C7E1205F0E}.DVD-5|Any CPU.ActiveCfg = Debug|Any CPU
		{D6D2FA2A-8462-4617-84F4-39C7E1205F0E}.DVD-5|Any CPU.Build.0 = Debug|Any CPU
		{D6D2FA2A-8462-4617-84F4-39C7E1205F0E}.Release|Any CPU.ActiveCfg = Release|Any CPU
		{D6D2FA2A-8462-4617-84F4-39C7E1205F0E}.Release|Any CPU.Build.0 = Release|Any CPU
		{D6D2FA2A-8462-4617-84F4-39C7E1205F0E}.SingleImage|Any CPU.ActiveCfg = Release|Any CPU
		{D6D2FA2A-8462-4617-84F4-39C7E1205F0E}.SingleImage|Any CPU.Build.0 = Release|Any CPU
		{3CE84E15-8BF8-44B2-8EB5-21C98756319D}.CD_ROM|Any CPU.ActiveCfg = Release|Any CPU
		{3CE84E15-8BF8-44B2-8EB5-21C98756319D}.CD_ROM|Any CPU.Build.0 = Release|Any CPU
		{3CE84E15-8BF8-44B2-8EB5-21C98756319D}.Debug|Any CPU.ActiveCfg = Debug|Any CPU
		{3CE84E15-8BF8-44B2-8EB5-21C98756319D}.Debug|Any CPU.Build.0 = Debug|Any CPU
		{3CE84E15-8BF8-44B2-8EB5-21C98756319D}.DVD-5|Any CPU.ActiveCfg = Debug|Any CPU
		{3CE84E15-8BF8-44B2-8EB5-21C98756319D}.DVD-5|Any CPU.Build.0 = Debug|Any CPU
		{3CE84E15-8BF8-44B2-8EB5-21C98756319D}.Release|Any CPU.ActiveCfg = Release|Any CPU
		{3CE84E15-8BF8-44B2-8EB5-21C98756319D}.Release|Any CPU.Build.0 = Release|Any CPU
		{3CE84E15-8BF8-44B2-8EB5-21C98756319D}.SingleImage|Any CPU.ActiveCfg = Release|Any CPU
		{3CE84E15-8BF8-44B2-8EB5-21C98756319D}.SingleImage|Any CPU.Build.0 = Release|Any CPU
		{FF2F0302-589C-45EE-AAC8-C82E89976EFA}.CD_ROM|Any CPU.ActiveCfg = Release|Any CPU
		{FF2F0302-589C-45EE-AAC8-C82E89976EFA}.CD_ROM|Any CPU.Build.0 = Release|Any CPU
		{FF2F0302-589C-45EE-AAC8-C82E89976EFA}.Debug|Any CPU.ActiveCfg = Debug|Any CPU
		{FF2F0302-589C-45EE-AAC8-C82E89976EFA}.Debug|Any CPU.Build.0 = Debug|Any CPU
		{FF2F0302-589C-45EE-AAC8-C82E89976EFA}.DVD-5|Any CPU.ActiveCfg = Debug|Any CPU
		{FF2F0302-589C-45EE-AAC8-C82E89976EFA}.DVD-5|Any CPU.Build.0 = Debug|Any CPU
		{FF2F0302-589C-45EE-AAC8-C82E89976EFA}.Release|Any CPU.ActiveCfg = Release|Any CPU
		{FF2F0302-589C-45EE-AAC8-C82E89976EFA}.Release|Any CPU.Build.0 = Release|Any CPU
		{FF2F0302-589C-45EE-AAC8-C82E89976EFA}.SingleImage|Any CPU.ActiveCfg = Release|Any CPU
		{FF2F0302-589C-45EE-AAC8-C82E89976EFA}.SingleImage|Any CPU.Build.0 = Release|Any CPU
		{993EB947-245E-4F85-8940-4F6E2C5175F8}.CD_ROM|Any CPU.ActiveCfg = Release|Any CPU
		{993EB947-245E-4F85-8940-4F6E2C5175F8}.CD_ROM|Any CPU.Build.0 = Release|Any CPU
		{993EB947-245E-4F85-8940-4F6E2C5175F8}.Debug|Any CPU.ActiveCfg = Debug|Any CPU
		{993EB947-245E-4F85-8940-4F6E2C5175F8}.Debug|Any CPU.Build.0 = Debug|Any CPU
		{993EB947-245E-4F85-8940-4F6E2C5175F8}.DVD-5|Any CPU.ActiveCfg = Debug|Any CPU
		{993EB947-245E-4F85-8940-4F6E2C5175F8}.DVD-5|Any CPU.Build.0 = Debug|Any CPU
		{993EB947-245E-4F85-8940-4F6E2C5175F8}.Release|Any CPU.ActiveCfg = Release|Any CPU
		{993EB947-245E-4F85-8940-4F6E2C5175F8}.Release|Any CPU.Build.0 = Release|Any CPU
		{993EB947-245E-4F85-8940-4F6E2C5175F8}.SingleImage|Any CPU.ActiveCfg = Release|Any CPU
		{993EB947-245E-4F85-8940-4F6E2C5175F8}.SingleImage|Any CPU.Build.0 = Release|Any CPU
		{FB3A6600-D213-440F-AC82-A7F8A46A042B}.CD_ROM|Any CPU.ActiveCfg = Release|Any CPU
		{FB3A6600-D213-440F-AC82-A7F8A46A042B}.CD_ROM|Any CPU.Build.0 = Release|Any CPU
		{FB3A6600-D213-440F-AC82-A7F8A46A042B}.Debug|Any CPU.ActiveCfg = Debug|Any CPU
		{FB3A6600-D213-440F-AC82-A7F8A46A042B}.Debug|Any CPU.Build.0 = Debug|Any CPU
		{FB3A6600-D213-440F-AC82-A7F8A46A042B}.DVD-5|Any CPU.ActiveCfg = Debug|Any CPU
		{FB3A6600-D213-440F-AC82-A7F8A46A042B}.DVD-5|Any CPU.Build.0 = Debug|Any CPU
		{FB3A6600-D213-440F-AC82-A7F8A46A042B}.Release|Any CPU.ActiveCfg = Release|Any CPU
		{FB3A6600-D213-440F-AC82-A7F8A46A042B}.Release|Any CPU.Build.0 = Release|Any CPU
		{FB3A6600-D213-440F-AC82-A7F8A46A042B}.SingleImage|Any CPU.ActiveCfg = Release|Any CPU
		{FB3A6600-D213-440F-AC82-A7F8A46A042B}.SingleImage|Any CPU.Build.0 = Release|Any CPU
		{9C6EB9DE-6989-41E6-BC84-7CD114499B44}.CD_ROM|Any CPU.ActiveCfg = Release|Any CPU
		{9C6EB9DE-6989-41E6-BC84-7CD114499B44}.CD_ROM|Any CPU.Build.0 = Release|Any CPU
		{9C6EB9DE-6989-41E6-BC84-7CD114499B44}.Debug|Any CPU.ActiveCfg = Debug|Any CPU
		{9C6EB9DE-6989-41E6-BC84-7CD114499B44}.Debug|Any CPU.Build.0 = Debug|Any CPU
		{9C6EB9DE-6989-41E6-BC84-7CD114499B44}.DVD-5|Any CPU.ActiveCfg = Debug|Any CPU
		{9C6EB9DE-6989-41E6-BC84-7CD114499B44}.DVD-5|Any CPU.Build.0 = Debug|Any CPU
		{9C6EB9DE-6989-41E6-BC84-7CD114499B44}.Release|Any CPU.ActiveCfg = Release|Any CPU
		{9C6EB9DE-6989-41E6-BC84-7CD114499B44}.Release|Any CPU.Build.0 = Release|Any CPU
		{9C6EB9DE-6989-41E6-BC84-7CD114499B44}.SingleImage|Any CPU.ActiveCfg = Release|Any CPU
		{9C6EB9DE-6989-41E6-BC84-7CD114499B44}.SingleImage|Any CPU.Build.0 = Release|Any CPU
		{01332BCC-CDFC-43A2-BCB4-BA29246D37FF}.CD_ROM|Any CPU.ActiveCfg = Release|Any CPU
		{01332BCC-CDFC-43A2-BCB4-BA29246D37FF}.CD_ROM|Any CPU.Build.0 = Release|Any CPU
		{01332BCC-CDFC-43A2-BCB4-BA29246D37FF}.Debug|Any CPU.ActiveCfg = Debug|Any CPU
		{01332BCC-CDFC-43A2-BCB4-BA29246D37FF}.Debug|Any CPU.Build.0 = Debug|Any CPU
		{01332BCC-CDFC-43A2-BCB4-BA29246D37FF}.DVD-5|Any CPU.ActiveCfg = Debug|Any CPU
		{01332BCC-CDFC-43A2-BCB4-BA29246D37FF}.DVD-5|Any CPU.Build.0 = Debug|Any CPU
		{01332BCC-CDFC-43A2-BCB4-BA29246D37FF}.Release|Any CPU.ActiveCfg = Release|Any CPU
		{01332BCC-CDFC-43A2-BCB4-BA29246D37FF}.Release|Any CPU.Build.0 = Release|Any CPU
		{01332BCC-CDFC-43A2-BCB4-BA29246D37FF}.Release|Any CPU.Deploy.0 = Release|Any CPU
		{01332BCC-CDFC-43A2-BCB4-BA29246D37FF}.SingleImage|Any CPU.ActiveCfg = Release|Any CPU
		{01332BCC-CDFC-43A2-BCB4-BA29246D37FF}.SingleImage|Any CPU.Build.0 = Release|Any CPU
		{16180F1B-CC7C-4CEC-A741-BC0D9569DCDE}.CD_ROM|Any CPU.ActiveCfg = Release|Any CPU
		{16180F1B-CC7C-4CEC-A741-BC0D9569DCDE}.CD_ROM|Any CPU.Build.0 = Release|Any CPU
		{16180F1B-CC7C-4CEC-A741-BC0D9569DCDE}.Debug|Any CPU.ActiveCfg = Debug|Any CPU
		{16180F1B-CC7C-4CEC-A741-BC0D9569DCDE}.Debug|Any CPU.Build.0 = Debug|Any CPU
		{16180F1B-CC7C-4CEC-A741-BC0D9569DCDE}.DVD-5|Any CPU.ActiveCfg = Debug|Any CPU
		{16180F1B-CC7C-4CEC-A741-BC0D9569DCDE}.DVD-5|Any CPU.Build.0 = Debug|Any CPU
		{16180F1B-CC7C-4CEC-A741-BC0D9569DCDE}.Release|Any CPU.ActiveCfg = Release|Any CPU
		{16180F1B-CC7C-4CEC-A741-BC0D9569DCDE}.Release|Any CPU.Build.0 = Release|Any CPU
		{16180F1B-CC7C-4CEC-A741-BC0D9569DCDE}.SingleImage|Any CPU.ActiveCfg = Release|Any CPU
		{16180F1B-CC7C-4CEC-A741-BC0D9569DCDE}.SingleImage|Any CPU.Build.0 = Release|Any CPU
		{C3D25CB2-DF4A-4F86-B189-8028DC77B0B9}.CD_ROM|Any CPU.ActiveCfg = Release|Any CPU
		{C3D25CB2-DF4A-4F86-B189-8028DC77B0B9}.CD_ROM|Any CPU.Build.0 = Release|Any CPU
		{C3D25CB2-DF4A-4F86-B189-8028DC77B0B9}.Debug|Any CPU.ActiveCfg = Debug|Any CPU
		{C3D25CB2-DF4A-4F86-B189-8028DC77B0B9}.Debug|Any CPU.Build.0 = Debug|Any CPU
		{C3D25CB2-DF4A-4F86-B189-8028DC77B0B9}.DVD-5|Any CPU.ActiveCfg = Debug|Any CPU
		{C3D25CB2-DF4A-4F86-B189-8028DC77B0B9}.DVD-5|Any CPU.Build.0 = Debug|Any CPU
		{C3D25CB2-DF4A-4F86-B189-8028DC77B0B9}.Release|Any CPU.ActiveCfg = Release|Any CPU
		{C3D25CB2-DF4A-4F86-B189-8028DC77B0B9}.Release|Any CPU.Build.0 = Release|Any CPU
		{C3D25CB2-DF4A-4F86-B189-8028DC77B0B9}.SingleImage|Any CPU.ActiveCfg = Release|Any CPU
		{C3D25CB2-DF4A-4F86-B189-8028DC77B0B9}.SingleImage|Any CPU.Build.0 = Release|Any CPU
		{F5EB2D32-EFB8-4440-9943-FAECF120DFD4}.CD_ROM|Any CPU.ActiveCfg = Release|Any CPU
		{F5EB2D32-EFB8-4440-9943-FAECF120DFD4}.CD_ROM|Any CPU.Build.0 = Release|Any CPU
		{F5EB2D32-EFB8-4440-9943-FAECF120DFD4}.Debug|Any CPU.ActiveCfg = Debug|Any CPU
		{F5EB2D32-EFB8-4440-9943-FAECF120DFD4}.Debug|Any CPU.Build.0 = Debug|Any CPU
		{F5EB2D32-EFB8-4440-9943-FAECF120DFD4}.DVD-5|Any CPU.ActiveCfg = Debug|Any CPU
		{F5EB2D32-EFB8-4440-9943-FAECF120DFD4}.DVD-5|Any CPU.Build.0 = Debug|Any CPU
		{F5EB2D32-EFB8-4440-9943-FAECF120DFD4}.Release|Any CPU.ActiveCfg = Release|Any CPU
		{F5EB2D32-EFB8-4440-9943-FAECF120DFD4}.Release|Any CPU.Build.0 = Release|Any CPU
		{F5EB2D32-EFB8-4440-9943-FAECF120DFD4}.SingleImage|Any CPU.ActiveCfg = Release|Any CPU
		{F5EB2D32-EFB8-4440-9943-FAECF120DFD4}.SingleImage|Any CPU.Build.0 = Release|Any CPU
		{6F75F702-C360-4EF8-8743-48FAF6EC818E}.CD_ROM|Any CPU.ActiveCfg = Release|Any CPU
		{6F75F702-C360-4EF8-8743-48FAF6EC818E}.CD_ROM|Any CPU.Build.0 = Release|Any CPU
		{6F75F702-C360-4EF8-8743-48FAF6EC818E}.Debug|Any CPU.ActiveCfg = Debug|Any CPU
		{6F75F702-C360-4EF8-8743-48FAF6EC818E}.Debug|Any CPU.Build.0 = Debug|Any CPU
		{6F75F702-C360-4EF8-8743-48FAF6EC818E}.DVD-5|Any CPU.ActiveCfg = Debug|Any CPU
		{6F75F702-C360-4EF8-8743-48FAF6EC818E}.DVD-5|Any CPU.Build.0 = Debug|Any CPU
		{6F75F702-C360-4EF8-8743-48FAF6EC818E}.Release|Any CPU.ActiveCfg = Release|Any CPU
		{6F75F702-C360-4EF8-8743-48FAF6EC818E}.Release|Any CPU.Build.0 = Release|Any CPU
		{6F75F702-C360-4EF8-8743-48FAF6EC818E}.SingleImage|Any CPU.ActiveCfg = Release|Any CPU
		{6F75F702-C360-4EF8-8743-48FAF6EC818E}.SingleImage|Any CPU.Build.0 = Release|Any CPU
		{D1098168-8455-4C0A-BD90-A17CF960C03E}.CD_ROM|Any CPU.ActiveCfg = Release|Any CPU
		{D1098168-8455-4C0A-BD90-A17CF960C03E}.CD_ROM|Any CPU.Build.0 = Release|Any CPU
		{D1098168-8455-4C0A-BD90-A17CF960C03E}.Debug|Any CPU.ActiveCfg = Debug|Any CPU
		{D1098168-8455-4C0A-BD90-A17CF960C03E}.Debug|Any CPU.Build.0 = Debug|Any CPU
		{D1098168-8455-4C0A-BD90-A17CF960C03E}.DVD-5|Any CPU.ActiveCfg = Debug|Any CPU
		{D1098168-8455-4C0A-BD90-A17CF960C03E}.DVD-5|Any CPU.Build.0 = Debug|Any CPU
		{D1098168-8455-4C0A-BD90-A17CF960C03E}.Release|Any CPU.ActiveCfg = Release|Any CPU
		{D1098168-8455-4C0A-BD90-A17CF960C03E}.Release|Any CPU.Build.0 = Release|Any CPU
		{D1098168-8455-4C0A-BD90-A17CF960C03E}.SingleImage|Any CPU.ActiveCfg = Release|Any CPU
		{D1098168-8455-4C0A-BD90-A17CF960C03E}.SingleImage|Any CPU.Build.0 = Release|Any CPU
		{6B6275F6-BF5F-4B0B-B911-EAB432E53EC7}.CD_ROM|Any CPU.ActiveCfg = Release|Any CPU
		{6B6275F6-BF5F-4B0B-B911-EAB432E53EC7}.CD_ROM|Any CPU.Build.0 = Release|Any CPU
		{6B6275F6-BF5F-4B0B-B911-EAB432E53EC7}.Debug|Any CPU.ActiveCfg = Debug|Any CPU
		{6B6275F6-BF5F-4B0B-B911-EAB432E53EC7}.Debug|Any CPU.Build.0 = Debug|Any CPU
		{6B6275F6-BF5F-4B0B-B911-EAB432E53EC7}.DVD-5|Any CPU.ActiveCfg = Debug|Any CPU
		{6B6275F6-BF5F-4B0B-B911-EAB432E53EC7}.DVD-5|Any CPU.Build.0 = Debug|Any CPU
		{6B6275F6-BF5F-4B0B-B911-EAB432E53EC7}.Release|Any CPU.ActiveCfg = Release|Any CPU
		{6B6275F6-BF5F-4B0B-B911-EAB432E53EC7}.Release|Any CPU.Build.0 = Release|Any CPU
		{6B6275F6-BF5F-4B0B-B911-EAB432E53EC7}.Release|Any CPU.Deploy.0 = Release|Any CPU
		{6B6275F6-BF5F-4B0B-B911-EAB432E53EC7}.SingleImage|Any CPU.ActiveCfg = Release|Any CPU
		{6B6275F6-BF5F-4B0B-B911-EAB432E53EC7}.SingleImage|Any CPU.Build.0 = Release|Any CPU
		{96050367-0625-4146-ACCD-0E8FCDCFEF99}.CD_ROM|Any CPU.ActiveCfg = CD_ROM
		{96050367-0625-4146-ACCD-0E8FCDCFEF99}.CD_ROM|Any CPU.Build.0 = CD_ROM
		{96050367-0625-4146-ACCD-0E8FCDCFEF99}.Debug|Any CPU.ActiveCfg = DVD-5
		{96050367-0625-4146-ACCD-0E8FCDCFEF99}.Debug|Any CPU.Build.0 = DVD-5
		{96050367-0625-4146-ACCD-0E8FCDCFEF99}.DVD-5|Any CPU.ActiveCfg = DVD-5
		{96050367-0625-4146-ACCD-0E8FCDCFEF99}.DVD-5|Any CPU.Build.0 = DVD-5
		{96050367-0625-4146-ACCD-0E8FCDCFEF99}.Release|Any CPU.ActiveCfg = SingleImage
		{96050367-0625-4146-ACCD-0E8FCDCFEF99}.Release|Any CPU.Build.0 = SingleImage
		{96050367-0625-4146-ACCD-0E8FCDCFEF99}.SingleImage|Any CPU.ActiveCfg = SingleImage
		{96050367-0625-4146-ACCD-0E8FCDCFEF99}.SingleImage|Any CPU.Build.0 = SingleImage
		{9CC1A9DE-4623-4AA6-B4CD-7F5EAEEB7611}.CD_ROM|Any CPU.ActiveCfg = Release|Any CPU
		{9CC1A9DE-4623-4AA6-B4CD-7F5EAEEB7611}.CD_ROM|Any CPU.Build.0 = Release|Any CPU
		{9CC1A9DE-4623-4AA6-B4CD-7F5EAEEB7611}.Debug|Any CPU.ActiveCfg = Debug|Any CPU
		{9CC1A9DE-4623-4AA6-B4CD-7F5EAEEB7611}.Debug|Any CPU.Build.0 = Debug|Any CPU
		{9CC1A9DE-4623-4AA6-B4CD-7F5EAEEB7611}.DVD-5|Any CPU.ActiveCfg = Debug|Any CPU
		{9CC1A9DE-4623-4AA6-B4CD-7F5EAEEB7611}.DVD-5|Any CPU.Build.0 = Debug|Any CPU
		{9CC1A9DE-4623-4AA6-B4CD-7F5EAEEB7611}.Release|Any CPU.ActiveCfg = Release|Any CPU
		{9CC1A9DE-4623-4AA6-B4CD-7F5EAEEB7611}.Release|Any CPU.Build.0 = Release|Any CPU
		{9CC1A9DE-4623-4AA6-B4CD-7F5EAEEB7611}.SingleImage|Any CPU.ActiveCfg = Release|Any CPU
		{9CC1A9DE-4623-4AA6-B4CD-7F5EAEEB7611}.SingleImage|Any CPU.Build.0 = Release|Any CPU
		{416D0301-E801-46B5-92F5-15AB1BCCC178}.CD_ROM|Any CPU.ActiveCfg = CD_ROM
		{416D0301-E801-46B5-92F5-15AB1BCCC178}.CD_ROM|Any CPU.Build.0 = CD_ROM
		{416D0301-E801-46B5-92F5-15AB1BCCC178}.Debug|Any CPU.ActiveCfg = DVD-5
		{416D0301-E801-46B5-92F5-15AB1BCCC178}.Debug|Any CPU.Build.0 = DVD-5
		{416D0301-E801-46B5-92F5-15AB1BCCC178}.DVD-5|Any CPU.ActiveCfg = DVD-5
		{416D0301-E801-46B5-92F5-15AB1BCCC178}.DVD-5|Any CPU.Build.0 = DVD-5
		{416D0301-E801-46B5-92F5-15AB1BCCC178}.Release|Any CPU.ActiveCfg = SingleImage
		{416D0301-E801-46B5-92F5-15AB1BCCC178}.Release|Any CPU.Build.0 = SingleImage
		{416D0301-E801-46B5-92F5-15AB1BCCC178}.SingleImage|Any CPU.ActiveCfg = SingleImage
		{416D0301-E801-46B5-92F5-15AB1BCCC178}.SingleImage|Any CPU.Build.0 = SingleImage
		{E3AF794B-5FF6-4AA0-BCD8-78F193F0C7A2}.CD_ROM|Any CPU.ActiveCfg = Release|Any CPU
		{E3AF794B-5FF6-4AA0-BCD8-78F193F0C7A2}.CD_ROM|Any CPU.Build.0 = Release|Any CPU
		{E3AF794B-5FF6-4AA0-BCD8-78F193F0C7A2}.Debug|Any CPU.ActiveCfg = Debug|Any CPU
		{E3AF794B-5FF6-4AA0-BCD8-78F193F0C7A2}.Debug|Any CPU.Build.0 = Debug|Any CPU
		{E3AF794B-5FF6-4AA0-BCD8-78F193F0C7A2}.DVD-5|Any CPU.ActiveCfg = Debug|Any CPU
		{E3AF794B-5FF6-4AA0-BCD8-78F193F0C7A2}.DVD-5|Any CPU.Build.0 = Debug|Any CPU
		{E3AF794B-5FF6-4AA0-BCD8-78F193F0C7A2}.Release|Any CPU.ActiveCfg = Release|Any CPU
		{E3AF794B-5FF6-4AA0-BCD8-78F193F0C7A2}.Release|Any CPU.Build.0 = Release|Any CPU
		{E3AF794B-5FF6-4AA0-BCD8-78F193F0C7A2}.SingleImage|Any CPU.ActiveCfg = Release|Any CPU
		{E3AF794B-5FF6-4AA0-BCD8-78F193F0C7A2}.SingleImage|Any CPU.Build.0 = Release|Any CPU
		{8AD22C87-1E14-41DE-90D4-55EB4FD1BF99}.CD_ROM|Any CPU.ActiveCfg = Release|Any CPU
		{8AD22C87-1E14-41DE-90D4-55EB4FD1BF99}.CD_ROM|Any CPU.Build.0 = Release|Any CPU
		{8AD22C87-1E14-41DE-90D4-55EB4FD1BF99}.Debug|Any CPU.ActiveCfg = Debug|Any CPU
		{8AD22C87-1E14-41DE-90D4-55EB4FD1BF99}.Debug|Any CPU.Build.0 = Debug|Any CPU
		{8AD22C87-1E14-41DE-90D4-55EB4FD1BF99}.DVD-5|Any CPU.ActiveCfg = Debug|Any CPU
		{8AD22C87-1E14-41DE-90D4-55EB4FD1BF99}.DVD-5|Any CPU.Build.0 = Debug|Any CPU
		{8AD22C87-1E14-41DE-90D4-55EB4FD1BF99}.Release|Any CPU.ActiveCfg = Release|Any CPU
		{8AD22C87-1E14-41DE-90D4-55EB4FD1BF99}.Release|Any CPU.Build.0 = Release|Any CPU
		{8AD22C87-1E14-41DE-90D4-55EB4FD1BF99}.SingleImage|Any CPU.ActiveCfg = Release|Any CPU
		{8AD22C87-1E14-41DE-90D4-55EB4FD1BF99}.SingleImage|Any CPU.Build.0 = Release|Any CPU
		{6C87AA70-D962-43A0-A27D-FB59A0C33739}.CD_ROM|Any CPU.ActiveCfg = Release|Any CPU
		{6C87AA70-D962-43A0-A27D-FB59A0C33739}.CD_ROM|Any CPU.Build.0 = Release|Any CPU
		{6C87AA70-D962-43A0-A27D-FB59A0C33739}.Debug|Any CPU.ActiveCfg = Debug|Any CPU
		{6C87AA70-D962-43A0-A27D-FB59A0C33739}.Debug|Any CPU.Build.0 = Debug|Any CPU
		{6C87AA70-D962-43A0-A27D-FB59A0C33739}.DVD-5|Any CPU.ActiveCfg = Debug|Any CPU
		{6C87AA70-D962-43A0-A27D-FB59A0C33739}.DVD-5|Any CPU.Build.0 = Debug|Any CPU
		{6C87AA70-D962-43A0-A27D-FB59A0C33739}.Release|Any CPU.ActiveCfg = Release|Any CPU
		{6C87AA70-D962-43A0-A27D-FB59A0C33739}.Release|Any CPU.Build.0 = Release|Any CPU
		{6C87AA70-D962-43A0-A27D-FB59A0C33739}.SingleImage|Any CPU.ActiveCfg = Release|Any CPU
		{6C87AA70-D962-43A0-A27D-FB59A0C33739}.SingleImage|Any CPU.Build.0 = Release|Any CPU
		{B563E538-22B5-425D-AD8C-5F7724C3B39C}.CD_ROM|Any CPU.ActiveCfg = Release|Any CPU
		{B563E538-22B5-425D-AD8C-5F7724C3B39C}.CD_ROM|Any CPU.Build.0 = Release|Any CPU
		{B563E538-22B5-425D-AD8C-5F7724C3B39C}.Debug|Any CPU.ActiveCfg = Debug|Any CPU
		{B563E538-22B5-425D-AD8C-5F7724C3B39C}.Debug|Any CPU.Build.0 = Debug|Any CPU
		{B563E538-22B5-425D-AD8C-5F7724C3B39C}.DVD-5|Any CPU.ActiveCfg = Debug|Any CPU
		{B563E538-22B5-425D-AD8C-5F7724C3B39C}.DVD-5|Any CPU.Build.0 = Debug|Any CPU
		{B563E538-22B5-425D-AD8C-5F7724C3B39C}.Release|Any CPU.ActiveCfg = Release|Any CPU
		{B563E538-22B5-425D-AD8C-5F7724C3B39C}.Release|Any CPU.Build.0 = Release|Any CPU
		{B563E538-22B5-425D-AD8C-5F7724C3B39C}.SingleImage|Any CPU.ActiveCfg = Release|Any CPU
		{B563E538-22B5-425D-AD8C-5F7724C3B39C}.SingleImage|Any CPU.Build.0 = Release|Any CPU
		{90BBCA4F-1BAD-4E0F-A554-2D037A0444C6}.CD_ROM|Any CPU.ActiveCfg = Release|Any CPU
		{90BBCA4F-1BAD-4E0F-A554-2D037A0444C6}.CD_ROM|Any CPU.Build.0 = Release|Any CPU
		{90BBCA4F-1BAD-4E0F-A554-2D037A0444C6}.Debug|Any CPU.ActiveCfg = Debug|Any CPU
		{90BBCA4F-1BAD-4E0F-A554-2D037A0444C6}.Debug|Any CPU.Build.0 = Debug|Any CPU
		{90BBCA4F-1BAD-4E0F-A554-2D037A0444C6}.DVD-5|Any CPU.ActiveCfg = Debug|Any CPU
		{90BBCA4F-1BAD-4E0F-A554-2D037A0444C6}.DVD-5|Any CPU.Build.0 = Debug|Any CPU
		{90BBCA4F-1BAD-4E0F-A554-2D037A0444C6}.Release|Any CPU.ActiveCfg = Release|Any CPU
		{90BBCA4F-1BAD-4E0F-A554-2D037A0444C6}.Release|Any CPU.Build.0 = Release|Any CPU
		{90BBCA4F-1BAD-4E0F-A554-2D037A0444C6}.SingleImage|Any CPU.ActiveCfg = Release|Any CPU
		{90BBCA4F-1BAD-4E0F-A554-2D037A0444C6}.SingleImage|Any CPU.Build.0 = Release|Any CPU
		{CF826AC3-DBAE-4282-9EEA-A8ACB5520976}.CD_ROM|Any CPU.ActiveCfg = Release|Any CPU
		{CF826AC3-DBAE-4282-9EEA-A8ACB5520976}.CD_ROM|Any CPU.Build.0 = Release|Any CPU
		{CF826AC3-DBAE-4282-9EEA-A8ACB5520976}.Debug|Any CPU.ActiveCfg = Debug|Any CPU
		{CF826AC3-DBAE-4282-9EEA-A8ACB5520976}.Debug|Any CPU.Build.0 = Debug|Any CPU
		{CF826AC3-DBAE-4282-9EEA-A8ACB5520976}.DVD-5|Any CPU.ActiveCfg = Debug|Any CPU
		{CF826AC3-DBAE-4282-9EEA-A8ACB5520976}.DVD-5|Any CPU.Build.0 = Debug|Any CPU
		{CF826AC3-DBAE-4282-9EEA-A8ACB5520976}.Release|Any CPU.ActiveCfg = Release|Any CPU
		{CF826AC3-DBAE-4282-9EEA-A8ACB5520976}.Release|Any CPU.Build.0 = Release|Any CPU
		{CF826AC3-DBAE-4282-9EEA-A8ACB5520976}.SingleImage|Any CPU.ActiveCfg = Release|Any CPU
		{CF826AC3-DBAE-4282-9EEA-A8ACB5520976}.SingleImage|Any CPU.Build.0 = Release|Any CPU
		{9CE488C9-66E7-40CD-A884-6BEB3FA26ABE}.CD_ROM|Any CPU.ActiveCfg = Release|Any CPU
		{9CE488C9-66E7-40CD-A884-6BEB3FA26ABE}.CD_ROM|Any CPU.Build.0 = Release|Any CPU
		{9CE488C9-66E7-40CD-A884-6BEB3FA26ABE}.Debug|Any CPU.ActiveCfg = Debug|Any CPU
		{9CE488C9-66E7-40CD-A884-6BEB3FA26ABE}.Debug|Any CPU.Build.0 = Debug|Any CPU
		{9CE488C9-66E7-40CD-A884-6BEB3FA26ABE}.DVD-5|Any CPU.ActiveCfg = Debug|Any CPU
		{9CE488C9-66E7-40CD-A884-6BEB3FA26ABE}.DVD-5|Any CPU.Build.0 = Debug|Any CPU
		{9CE488C9-66E7-40CD-A884-6BEB3FA26ABE}.Release|Any CPU.ActiveCfg = Release|Any CPU
		{9CE488C9-66E7-40CD-A884-6BEB3FA26ABE}.Release|Any CPU.Build.0 = Release|Any CPU
		{9CE488C9-66E7-40CD-A884-6BEB3FA26ABE}.SingleImage|Any CPU.ActiveCfg = Release|Any CPU
		{9CE488C9-66E7-40CD-A884-6BEB3FA26ABE}.SingleImage|Any CPU.Build.0 = Release|Any CPU
	EndGlobalSection
	GlobalSection(SolutionProperties) = preSolution
		HideSolutionNode = FALSE
	EndGlobalSection
	GlobalSection(NestedProjects) = preSolution
		{82D29879-9AB7-441B-84F7-BC462AA039B2} = {096131BA-6029-4082-8E9D-3D3C12C351C3}
		{77FD95AF-B3F3-41A3-89F7-671F895B6BF0} = {04F479DA-2F93-4B57-9614-C933A755B896}
		{D6D2FA2A-8462-4617-84F4-39C7E1205F0E} = {04F479DA-2F93-4B57-9614-C933A755B896}
		{3CE84E15-8BF8-44B2-8EB5-21C98756319D} = {04F479DA-2F93-4B57-9614-C933A755B896}
		{FF2F0302-589C-45EE-AAC8-C82E89976EFA} = {04F479DA-2F93-4B57-9614-C933A755B896}
		{993EB947-245E-4F85-8940-4F6E2C5175F8} = {82C0FE93-8325-4468-84E8-42CCB95E6B87}
		{FB3A6600-D213-440F-AC82-A7F8A46A042B} = {E9C489EE-80CB-4242-AE51-BAFB32B9DCB0}
		{9C6EB9DE-6989-41E6-BC84-7CD114499B44} = {82C0FE93-8325-4468-84E8-42CCB95E6B87}
		{01332BCC-CDFC-43A2-BCB4-BA29246D37FF} = {A5240866-F565-44E7-824C-9C7404EA85E7}
		{16180F1B-CC7C-4CEC-A741-BC0D9569DCDE} = {A5240866-F565-44E7-824C-9C7404EA85E7}
		{C3D25CB2-DF4A-4F86-B189-8028DC77B0B9} = {74031137-ABBC-4D68-B1A3-6E3C790B0AF6}
		{F5EB2D32-EFB8-4440-9943-FAECF120DFD4} = {74031137-ABBC-4D68-B1A3-6E3C790B0AF6}
		{6F75F702-C360-4EF8-8743-48FAF6EC818E} = {74031137-ABBC-4D68-B1A3-6E3C790B0AF6}
		{D1098168-8455-4C0A-BD90-A17CF960C03E} = {74031137-ABBC-4D68-B1A3-6E3C790B0AF6}
		{6B6275F6-BF5F-4B0B-B911-EAB432E53EC7} = {A5240866-F565-44E7-824C-9C7404EA85E7}
		{96050367-0625-4146-ACCD-0E8FCDCFEF99} = {A5240866-F565-44E7-824C-9C7404EA85E7}
		{9CC1A9DE-4623-4AA6-B4CD-7F5EAEEB7611} = {A5240866-F565-44E7-824C-9C7404EA85E7}
		{416D0301-E801-46B5-92F5-15AB1BCCC178} = {A5240866-F565-44E7-824C-9C7404EA85E7}
		{E3AF794B-5FF6-4AA0-BCD8-78F193F0C7A2} = {A5240866-F565-44E7-824C-9C7404EA85E7}
		{8AD22C87-1E14-41DE-90D4-55EB4FD1BF99} = {04F479DA-2F93-4B57-9614-C933A755B896}
		{6C87AA70-D962-43A0-A27D-FB59A0C33739} = {04F479DA-2F93-4B57-9614-C933A755B896}
		{B563E538-22B5-425D-AD8C-5F7724C3B39C} = {04F479DA-2F93-4B57-9614-C933A755B896}
		{90BBCA4F-1BAD-4E0F-A554-2D037A0444C6} = {096131BA-6029-4082-8E9D-3D3C12C351C3}
		{CF826AC3-DBAE-4282-9EEA-A8ACB5520976} = {04F479DA-2F93-4B57-9614-C933A755B896}
		{9CE488C9-66E7-40CD-A884-6BEB3FA26ABE} = {E9C489EE-80CB-4242-AE51-BAFB32B9DCB0}
	EndGlobalSection
EndGlobal
